{
  "version": "5",
  "specifiers": {
    "jsr:@david/console-static-text@~0.3.2": "0.3.4",
    "jsr:@david/console-static-text@~0.3.4": "0.3.4",
    "jsr:@david/dax@0.46": "0.46.1",
    "jsr:@david/path@0.3": "0.3.2",
    "jsr:@david/path@~0.3.2": "0.3.2",
    "jsr:@david/shell@~0.3.3": "0.3.3",
    "jsr:@david/which@0.6": "0.6.0",
    "jsr:@david/which@~0.5.1": "0.5.2",
    "jsr:@levibostian/mock-a-bin@^1.1.0": "1.1.0",
    "jsr:@std/assert@^1.0.14": "1.0.19",
    "jsr:@std/bytes@^1.0.6": "1.0.6",
    "jsr:@std/cli@^1.0.20": "1.0.29",
    "jsr:@std/fmt@1": "1.0.10",
    "jsr:@std/internal@^1.0.12": "1.0.13",
    "jsr:@std/io@0.225": "0.225.3",
    "jsr:@std/path@1": "1.1.4"
  },
  "jsr": {
    "@david/console-static-text@0.3.4": {
      "integrity": "1c596f500b075ff3c8bab1d328ca7148a88067fd9a506b16a73eeaf230c229fd"
    },
    "@david/dax@0.46.1": {
      "integrity": "f0a9df2551b27fd19acbdbda50bb09c90ee81ba9289dd1730a627db94494afa4",
      "dependencies": [
        "jsr:@david/console-static-text@~0.3.2",
        "jsr:@david/path@~0.3.2",
        "jsr:@david/shell",
        "jsr:@david/which@~0.5.1",
        "jsr:@std/fmt"
      ]
    },
    "@david/path@0.3.2": {
      "integrity": "f25aaa3de4d3b9edfe25ca5edf15e3014fee7df4f77d64327e5300c27c1a0497"
    },
    "@david/shell@0.3.3": {
      "integrity": "0a54c57ed215e6d638c821c6c98f07f177b607f0e6e405dde144a602263a0f46",
      "dependencies": [
        "jsr:@david/console-static-text@~0.3.4",
        "jsr:@david/path@0.3",
        "jsr:@david/which@0.6",
        "jsr:@std/fmt",
        "jsr:@std/io",
        "jsr:@std/path"
      ]
    },
    "@david/which@0.5.2": {
      "integrity": "cd284a87aecdb8e32a5b91a024813fb57cbb8b4889df7d1c90351f073a4301a9"
    },
    "@david/which@0.6.0": {
      "integrity": "efe63f07f6741b12b0d470a660f5c20dedf0af0e0c18b5c934d8a930bcaba4bf"
    },
    "@levibostian/mock-a-bin@1.1.0": {
      "integrity": "6f0207183f68585378c629e7774cfe0e2a3451be1fce31debab7be14a42fe961"
    },
    "@std/assert@1.0.19": {
      "integrity": "eaada96ee120cb980bc47e040f82814d786fe8162ecc53c91d8df60b8755991e",
      "dependencies": [
        "jsr:@std/internal"
      ]
    },
    "@std/bytes@1.0.6": {
      "integrity": "f6ac6adbd8ccd99314045f5703e23af0a68d7f7e58364b47d2c7f408aeb5820a"
    },
    "@std/cli@1.0.29": {
      "integrity": "fa4ef29130baa834d8a13b7d138240c3a2fcfba740bfb7afa646a360a15ec84f"
    },
    "@std/fmt@1.0.10": {
      "integrity": "90dfba288802ac6de82fb31d0917eb9e4450b9925b954d5e51fc29ac07419db5"
    },
    "@std/internal@1.0.13": {
      "integrity": "2f9546691d4ac2d32859c82dff284aaeac980ddeca38430d07941e7e288725c0"
    },
    "@std/io@0.225.3": {
      "integrity": "27b07b591384d12d7b568f39e61dff966b8230559122df1e9fd11cc068f7ddd1",
      "dependencies": [
        "jsr:@std/bytes"
      ]
    },
    "@std/path@1.1.4": {
      "integrity": "1d2d43f39efb1b42f0b1882a25486647cb851481862dc7313390b2bb044314b5",
      "dependencies": [
        "jsr:@std/internal"
      ]
    }
  },
  "workspace": {
    "dependencies": [
      "jsr:@david/dax@0.46",
      "jsr:@levibostian/mock-a-bin@^1.1.0",
      "jsr:@levibostian/sh-style@0.9",
      "jsr:@std/assert@^1.0.14",
      "jsr:@std/cli@^1.0.20",
      "jsr:@std/fs@^1.0.6",
      "jsr:@std/path@^1.1.0"
    ]
  }
}
